{
  "name": "code-diff-html",
  "version": "1.0.6",
  "lockfileVersion": 2,
  "requires": true,
  "packages": {
    "": {
      "name": "code-diff-html",
      "version": "1.0.6",
      "license": "MIT",
      "dependencies": {
        "diff": "^5.0.0",
        "diff2html": "^3.4.16"
      }
    },
    "node_modules/_abbrev@1.1.1@abbrev": {
      "name": "abbrev",
      "version": "1.1.1",
      "license": "ISC"
    },
    "node_modules/_diff@5.0.0@diff": {
      "name": "diff",
      "version": "5.0.0",
      "license": "BSD-3-Clause",
      "engines": {
        "node": ">=0.3.1"
      }
    },
    "node_modules/_diff2html@3.4.16@diff2html": {
      "name": "diff2html",
      "version": "3.4.16",
      "license": "MIT",
      "dependencies": {
        "diff": "5.0.0",
        "hogan.js": "3.0.2"
      },
      "engines": {
        "node": ">=12"
      },
      "optionalDependencies": {
        "highlight.js": "11.2.0"
      }
    },
    "node_modules/_diff2html@3.4.16@diff2html/node_modules/diff": {
      "resolved": "node_modules/_diff@5.0.0@diff",
      "link": true
    },
    "node_modules/_diff2html@3.4.16@diff2html/node_modules/highlight.js": {
      "resolved": "node_modules/_highlight.js@11.2.0@highlight.js",
      "link": true
    },
    "node_modules/_diff2html@3.4.16@diff2html/node_modules/hogan.js": {
      "resolved": "node_modules/_hogan.js@3.0.2@hogan.js",
      "link": true
    },
    "node_modules/_highlight.js@11.2.0@highlight.js": {
      "name": "highlight.js",
      "version": "11.2.0",
      "license": "BSD-3-Clause",
      "optional": true,
      "engines": {
        "node": ">=12.0.0"
      }
    },
    "node_modules/_hogan.js@3.0.2@hogan.js": {
      "name": "hogan.js",
      "version": "3.0.2",
      "dependencies": {
        "mkdirp": "0.3.0",
        "nopt": "1.0.10"
      },
      "bin": {
        "hulk": "bin/hulk"
      }
    },
    "node_modules/_hogan.js@3.0.2@hogan.js/node_modules/mkdirp": {
      "resolved": "node_modules/_mkdirp@0.3.0@mkdirp",
      "link": true
    },
    "node_modules/_hogan.js@3.0.2@hogan.js/node_modules/nopt": {
      "resolved": "node_modules/_nopt@1.0.10@nopt",
      "link": true
    },
    "node_modules/_mkdirp@0.3.0@mkdirp": {
      "name": "mkdirp",
      "version": "0.3.0",
      "license": "MIT/X11",
      "engines": {
        "node": "*"
      }
    },
    "node_modules/_nopt@1.0.10@nopt": {
      "name": "nopt",
      "version": "1.0.10",
      "license": "MIT",
      "dependencies": {
        "abbrev": "1"
      },
      "bin": {
        "nopt": "bin/nopt.js"
      }
    },
    "node_modules/_nopt@1.0.10@nopt/node_modules/abbrev": {
      "resolved": "node_modules/_abbrev@1.1.1@abbrev",
      "link": true
    },
    "node_modules/diff": {
      "resolved": "node_modules/_diff@5.0.0@diff",
      "link": true
    },
    "node_modules/diff2html": {
      "resolved": "node_modules/_diff2html@3.4.16@diff2html",
      "link": true
    }
  },
  "dependencies": {
    "_abbrev@1.1.1@abbrev": {
      "version": "npm:abbrev@1.1.1"
    },
    "_diff@5.0.0@diff": {
      "version": "npm:diff@5.0.0"
    },
    "_diff2html@3.4.16@diff2html": {
      "version": "npm:diff2html@3.4.16",
      "requires": {
        "diff": "5.0.0",
        "highlight.js": "11.2.0",
        "hogan.js": "3.0.2"
      },
      "dependencies": {
        "diff": {
          "version": "file:node_modules/_diff@5.0.0@diff"
        },
        "highlight.js": {
          "version": "file:node_modules/_highlight.js@11.2.0@highlight.js"
        },
        "hogan.js": {
          "version": "file:node_modules/_hogan.js@3.0.2@hogan.js",
          "requires": {
            "mkdirp": "0.3.0",
            "nopt": "1.0.10"
          },
          "dependencies": {
            "mkdirp": {
              "version": "file:node_modules/_mkdirp@0.3.0@mkdirp"
            },
            "nopt": {
              "version": "file:node_modules/_nopt@1.0.10@nopt",
              "requires": {
                "abbrev": "1"
              },
              "dependencies": {
                "abbrev": {
                  "version": "file:node_modules/_abbrev@1.1.1@abbrev"
                }
              }
            }
          }
        }
      }
    },
    "_highlight.js@11.2.0@highlight.js": {
      "version": "npm:highlight.js@11.2.0",
      "optional": true
    },
    "_hogan.js@3.0.2@hogan.js": {
      "version": "npm:hogan.js@3.0.2",
      "requires": {
        "mkdirp": "0.3.0",
        "nopt": "1.0.10"
      },
      "dependencies": {
        "mkdirp": {
          "version": "file:node_modules/_mkdirp@0.3.0@mkdirp"
        },
        "nopt": {
          "version": "file:node_modules/_nopt@1.0.10@nopt",
          "requires": {
            "abbrev": "1"
          },
          "dependencies": {
            "abbrev": {
              "version": "file:node_modules/_abbrev@1.1.1@abbrev"
            }
          }
        }
      }
    },
    "_mkdirp@0.3.0@mkdirp": {
      "version": "npm:mkdirp@0.3.0"
    },
    "_nopt@1.0.10@nopt": {
      "version": "npm:nopt@1.0.10",
      "requires": {
        "abbrev": "1"
      },
      "dependencies": {
        "abbrev": {
          "version": "file:node_modules/_abbrev@1.1.1@abbrev"
        }
      }
    },
    "diff": {
      "version": "file:node_modules/_diff@5.0.0@diff"
    },
    "diff2html": {
      "version": "file:node_modules/_diff2html@3.4.16@diff2html",
      "requires": {
        "diff": "5.0.0",
        "highlight.js": "11.2.0",
        "hogan.js": "3.0.2"
      },
      "dependencies": {
        "diff": {
          "version": "file:node_modules/_diff@5.0.0@diff"
        },
        "highlight.js": {
          "version": "file:node_modules/_highlight.js@11.2.0@highlight.js"
        },
        "hogan.js": {
          "version": "file:node_modules/_hogan.js@3.0.2@hogan.js",
          "requires": {
            "mkdirp": "0.3.0",
            "nopt": "1.0.10"
          },
          "dependencies": {
            "mkdirp": {
              "version": "file:node_modules/_mkdirp@0.3.0@mkdirp"
            },
            "nopt": {
              "version": "file:node_modules/_nopt@1.0.10@nopt",
              "requires": {
                "abbrev": "1"
              },
              "dependencies": {
                "abbrev": {
                  "version": "file:node_modules/_abbrev@1.1.1@abbrev"
                }
              }
            }
          }
        }
      }
    }
  }
}
